github.com/davecgh/go-spew v1.1.1 h1:vj9j/u1bqnvCEfJOwUhtlOARqs3+rkHYY13jYWTU97c=
github.com/davecgh/go-spew v1.1.1/go.mod h1:J7Y8YcW2NihsgmVo/mv3lAwl/skON4iLHjSsI+c5H38=
github.com/go-text/typesetting v0.3.4 h1:YYurUOtEb9kGSOz4uE3k4OpBGsp1dDL8+fjCeaFamAU=
github.com/go-text/typesetting v0.3.4/go.mod h1:4qZCQphq4KSgGTAeI0uMEkVbROgfah8BuyF5LRYr7XY=
github.com/go-text/typesetting-utils v0.0.0-20260223113751-2d88ac90dae3 h1:drBZzMgdYPbmyXqOto4YhhJGrFIQCX94FpR4MzTCsos=
github.com/go-text/typesetting-utils v0.0.0-20260223113751-2d88ac90dae3/go.mod h1:3/62I4La/HBRX9TcTpBj4eipLiwzf+vhI+7whTc9V7o=
github.com/gogpu/gg v0.37.4 h1:ou42tTHVsORsccu1awDY6xzwo0MfWC5MDUZ98hq9zRY=
github.com/gogpu/gg v0.37.4/go.mod h1:8+77MoKulv5217RkbaaF+fLV75WAUnwfS1gMjotLu7Y=
github.com/gogpu/gpucontext v0.10.0 h1:Uv9N/J9xJYWYgQNC3rJQVVKdjeakHmIpgUuIoSTXNYw=
github.com/gogpu/gpucontext v0.10.0/go.mod h1:d+6V6OVk81cFRpsJcl+9Qnd8qCDLTQGelMVMEzjPTUg=
github.com/gogpu/gputypes v0.3.0 h1:gcwxsBrcoCX19GqqqiV55wLv2iFwaybiOluKCb0hVrs=
github.com/gogpu/gputypes v0.3.0/go.mod h1:cnXrDMwTpWTvJLW1Vreop3PcT6a2YP/i3s91rPaOavw=
github.com/hebl/gofa v1.19.1 h1:/aVMeT0MXDrq5oMdTAKn1qyfIFlsDKvzx8DDLnsEx9s=
github.com/hebl/gofa v1.19.1/go.mod h1:UmDlahQBVbigXqA+ghdTtaXADoyQSWeiW+7nEB86HXU=
github.com/mshafiee/jpl v0.0.0-20240819190233-bd02fdc5b717 h1:jZ42wHsVAGK6/7yk3ACsEg7mHJ6Zt8KVLi55dBplkwo=
github.com/mshafiee/jpl v0.0.0-20240819190233-bd02fdc5b717/go.mod h1:2OLTXr30WtH2OiLJwqIiDblV5CEiBXKTHvqD/nE3X8U=
github.com/nnnkkk7/go-simdcsv v0.1.0 h1:VoQAYT5sxHvNik9C+ITZSvcXX1WsD14Qi3EQWIKzTAY=
github.com/nnnkkk7/go-simdcsv v0.1.0/go.mod h1:VdlqgsSLNTzABBBn4EeD/imHVeUF+zXmtTFuudyhOCA=
github.com/pmezard/go-difflib v1.0.0 h1:4DBwDE0NGyQoBHbLQYPwSUPoCMWR5BEzIk/f1lZbAQM=
github.com/pmezard/go-difflib v1.0.0/go.mod h1:iKH77koFhYxTK1pcRnkKkqfTogsbg7gZNVY4sRDYZ/4=
github.com/stretchr/objx v0.5.2 h1:xuMeJ0Sdp5ZMRXx/aWO6RZxdr3beISkG5/G/aIRr3pY=
github.com/stretchr/objx v0.5.2/go.mod h1:FRsXN1f5AsAjCGJKqEizvkpNtU+EGNCLh3NxZ/8L+MA=
github.com/stretchr/testify v1.9.0 h1:HtqpIVDClZ4nwg75+f6Lvsy/wHu+3BoSGCbBAcpTsTg=
github.com/stretchr/testify v1.9.0/go.mod h1:r2ic/lqez/lEtzL7wO/rwa5dbSLXVDPFyf8C91i36aY=
golang.org/x/image v0.37.0 h1:ZiRjArKI8GwxZOoEtUfhrBtaCN+4b/7709dlT6SSnQA=
golang.org/x/image v0.37.0/go.mod h1:/3f6vaXC+6CEanU4KJxbcUZyEePbyKbaLoDOe4ehFYY=
golang.org/x/text v0.35.0 h1:JOVx6vVDFokkpaq1AEptVzLTpDe9KGpj5tR4/X+ybL8=
golang.org/x/text v0.35.0/go.mod h1:khi/HExzZJ2pGnjenulevKNX1W67CUy0AsXcNubPGCA=
gopkg.in/yaml.v3 v3.0.1 h1:fxVm/GzAzEWqLHuvctI91KS9hhNmmWOoWu0XTYJS7CA=
gopkg.in/yaml.v3 v3.0.1/go.mod h1:K4uyk7z7BCEPqu6E+C64Yfv1cQ7kz7rIZviUmN+EgEM=
